
Microsoft Visual Studio Solution File, Format Version 12.00
# Visual Studio 15
VisualStudioVersion = 15.0.28307.329
MinimumVisualStudioVersion = 10.0.40219.1
Project("{FAE04EC0-301F-11D3-BF4B-00C04F79EFBC}") = "RozetkaUa", "RozetkaUa\RozetkaUa.csproj", "{0C335ECB-4050-4645-A20E-A4BBFA32E33E}"
EndProject
Global
	GlobalSection(SolutionConfigurationPlatforms) = preSolution
		Debug|Any CPU = Debug|Any CPU
		Release|Any CPU = Release|Any CPU
	EndGlobalSection
	GlobalSection(ProjectConfigurationPlatforms) = postSolution
		{0C335ECB-4050-4645-A20E-A4BBFA32E33E}.Debug|Any CPU.ActiveCfg = Debug|Any CPU
		{0C335ECB-4050-4645-A20E-A4BBFA32E33E}.Debug|Any CPU.Build.0 = Debug|Any CPU
		{0C335ECB-4050-4645-A20E-A4BBFA32E33E}.Release|Any CPU.ActiveCfg = Release|Any CPU
		{0C335ECB-4050-4645-A20E-A4BBFA32E33E}.Release|Any CPU.Build.0 = Release|Any CPU
	EndGlobalSection
	GlobalSection(SolutionProperties) = preSolution
		HideSolutionNode = FALSE
	EndGlobalSection
	GlobalSection(ExtensibilityGlobals) = postSolution
		SolutionGuid = {674B43C0-EB2B-44C4-B2B6-83C614FA9195}
	EndGlobalSection
EndGlobal
